
Microsoft Visual Studio Solution File, Format Version 12.00
# Visual Studio Version 16
VisualStudioVersion = 16.0.30011.22
MinimumVisualStudioVersion = 10.0.40219.1
Project("{9A19103F-16F7-4668-BE54-9A1E7A4F7556}") = "dotnetCampus.ClrNamedAttachedProperty", "src\dotnetCampus.ClrNamedAttachedProperty\dotnetCampus.ClrNamedAttachedProperty.csproj", "{73882BE9-09A9-4E40-8D58-91C0499558C2}"
EndProject
Project("{9A19103F-16F7-4668-BE54-9A1E7A4F7556}") = "dotnetCampus.ClrNamedAttachedProperty.Tests", "tests\dotnetCampus.ClrNamedAttachedProperty.Tests\dotnetCampus.ClrNamedAttachedProperty.Tests.csproj", "{600CCEBD-7897-48C3-8C94-F5B714A43B92}"
EndProject
Global
	GlobalSection(SolutionConfigurationPlatforms) = preSolution
		Debug|Any CPU = Debug|Any CPU
		Release|Any CPU = Release|Any CPU
	EndGlobalSection
	GlobalSection(ProjectConfigurationPlatforms) = postSolution
		{73882BE9-09A9-4E40-8D58-91C0499558C2}.Debug|Any CPU.ActiveCfg = Debug|Any CPU
		{73882BE9-09A9-4E40-8D58-91C0499558C2}.Debug|Any CPU.Build.0 = Debug|Any CPU
		{73882BE9-09A9-4E40-8D58-91C0499558C2}.Release|Any CPU.ActiveCfg = Release|Any CPU
		{73882BE9-09A9-4E40-8D58-91C0499558C2}.Release|Any CPU.Build.0 = Release|Any CPU
		{600CCEBD-7897-48C3-8C94-F5B714A43B92}.Debug|Any CPU.ActiveCfg = Debug|Any CPU
		{600CCEBD-7897-48C3-8C94-F5B714A43B92}.Debug|Any CPU.Build.0 = Debug|Any CPU
		{600CCEBD-7897-48C3-8C94-F5B714A43B92}.Release|Any CPU.ActiveCfg = Release|Any CPU
		{600CCEBD-7897-48C3-8C94-F5B714A43B92}.Release|Any CPU.Build.0 = Release|Any CPU
	EndGlobalSection
	GlobalSection(SolutionProperties) = preSolution
		HideSolutionNode = FALSE
	EndGlobalSection
	GlobalSection(ExtensibilityGlobals) = postSolution
		SolutionGuid = {C5EC3366-B848-4102-BB16-E37A7A1A7A93}
	EndGlobalSection
EndGlobal
